
Microsoft Visual Studio Solution File, Format Version 12.00
# Visual Studio 15
Project("{FAE04EC0-301F-11D3-BF4B-00C04F79EFBC}") = "UnityEngine.TestRunner", "UnityEngine.TestRunner.csproj", "{B0E59A41-F68A-C91F-3D80-2D7781FD297E}"
EndProject
Project("{FAE04EC0-301F-11D3-BF4B-00C04F79EFBC}") = "Unity.Mathematics", "Unity.Mathematics.csproj", "{4390BB35-6CDD-625B-18F4-BE750A617940}"
EndProject
Project("{FAE04EC0-301F-11D3-BF4B-00C04F79EFBC}") = "Unity.2D.Animation.Triangle.Runtime", "Unity.2D.Animation.Triangle.Runtime.csproj", "{CEFB8512-A155-5E76-3CD6-742649183A61}"
EndProject
Project("{FAE04EC0-301F-11D3-BF4B-00C04F79EFBC}") = "Unity.Timeline", "Unity.Timeline.csproj", "{A63A2C56-47CD-1219-117A-6F4C9BF1BB24}"
EndProject
Project("{FAE04EC0-301F-11D3-BF4B-00C04F79EFBC}") = "UnityEngine.UI", "UnityEngine.UI.csproj", "{BDABF65E-1F34-2BCC-6F96-3B7D954EAA19}"
EndProject
Project("{FAE04EC0-301F-11D3-BF4B-00C04F79EFBC}") = "Unity.TextMeshPro", "Unity.TextMeshPro.csproj", "{43617179-83F2-A941-C813-70DFF654B4FF}"
EndProject
Project("{FAE04EC0-301F-11D3-BF4B-00C04F79EFBC}") = "Unity.2D.Animation.Runtime", "Unity.2D.Animation.Runtime.csproj", "{BE5243CD-0735-8D68-7FBE-1611F865CD76}"
EndProject
Project("{FAE04EC0-301F-11D3-BF4B-00C04F79EFBC}") = "Unity.2D.IK.Runtime", "Unity.2D.IK.Runtime.csproj", "{653F4599-FFB7-0A6B-A7A8-173C01200B78}"
EndProject
Project("{FAE04EC0-301F-11D3-BF4B-00C04F79EFBC}") = "Unity.2D.Tilemap.Extras", "Unity.2D.Tilemap.Extras.csproj", "{3A35FBBB-D408-51C5-95D3-D00D83155BA9}"
EndProject
Project("{FAE04EC0-301F-11D3-BF4B-00C04F79EFBC}") = "Assembly-CSharp", "Assembly-CSharp.csproj", "{6AED0CA7-A231-2E4F-BBB4-9DF9B14E5600}"
EndProject
Project("{FAE04EC0-301F-11D3-BF4B-00C04F79EFBC}") = "Unity.2D.SpriteShape.Runtime", "Unity.2D.SpriteShape.Runtime.csproj", "{24F553E3-4F8C-D515-696D-0426A725FAB9}"
EndProject
Project("{FAE04EC0-301F-11D3-BF4B-00C04F79EFBC}") = "Unity.2D.PixelPerfect", "Unity.2D.PixelPerfect.csproj", "{1A8721D1-9F52-CAD1-1FB1-FC406DF5A354}"
EndProject
Project("{FAE04EC0-301F-11D3-BF4B-00C04F79EFBC}") = "Unity.2D.Common.Runtime", "Unity.2D.Common.Runtime.csproj", "{85A6C934-9152-2E0F-533E-E51B74DC15CF}"
EndProject
Project("{FAE04EC0-301F-11D3-BF4B-00C04F79EFBC}") = "Unity.InternalAPIEngineBridge.001", "Unity.InternalAPIEngineBridge.001.csproj", "{DC496CE1-CA20-12B9-0E0F-B6603FFB51AD}"
EndProject
Project("{FAE04EC0-301F-11D3-BF4B-00C04F79EFBC}") = "UnityEditor.TestRunner", "UnityEditor.TestRunner.csproj", "{CDEC74FB-C5C3-BEDB-3DBF-FE12852BBE83}"
EndProject
Project("{FAE04EC0-301F-11D3-BF4B-00C04F79EFBC}") = "Unity.PlasticSCM.Editor", "Unity.PlasticSCM.Editor.csproj", "{C795FC9C-B7C0-AC9C-ADC5-06261A8B7AA2}"
EndProject
Project("{FAE04EC0-301F-11D3-BF4B-00C04F79EFBC}") = "UnityEditor.UI", "UnityEditor.UI.csproj", "{B0C84AA1-A1AB-C4AB-10B2-BC121B5C99EA}"
EndProject
Project("{FAE04EC0-301F-11D3-BF4B-00C04F79EFBC}") = "Unity.Timeline.Editor", "Unity.Timeline.Editor.csproj", "{E8A65A9F-4B28-68B7-B144-AD77509A4DB1}"
EndProject
Project("{FAE04EC0-301F-11D3-BF4B-00C04F79EFBC}") = "Unity.VisualStudio.Editor", "Unity.VisualStudio.Editor.csproj", "{97395916-BA68-93CD-3AA8-F1B625170367}"
EndProject
Project("{FAE04EC0-301F-11D3-BF4B-00C04F79EFBC}") = "Unity.2D.Psdimporter.Editor", "Unity.2D.Psdimporter.Editor.csproj", "{F8C261D5-E100-E361-144E-97CB36DDFC40}"
EndProject
Project("{FAE04EC0-301F-11D3-BF4B-00C04F79EFBC}") = "Unity.2D.Animation.Editor", "Unity.2D.Animation.Editor.csproj", "{7D225989-6B32-6310-17F2-D8F56922D102}"
EndProject
Project("{FAE04EC0-301F-11D3-BF4B-00C04F79EFBC}") = "Unity.TextMeshPro.Editor", "Unity.TextMeshPro.Editor.csproj", "{FE168372-CEC7-C59F-6E9E-C06B41D86AFB}"
EndProject
Project("{FAE04EC0-301F-11D3-BF4B-00C04F79EFBC}") = "Unity.2D.SpriteShape.Editor", "Unity.2D.SpriteShape.Editor.csproj", "{C580B4A3-59E8-5108-9917-9FECA5711858}"
EndProject
Project("{FAE04EC0-301F-11D3-BF4B-00C04F79EFBC}") = "Unity.CollabProxy.Editor", "Unity.CollabProxy.Editor.csproj", "{AB1364D3-3BEE-69CC-F93E-905FCA95A237}"
EndProject
Project("{FAE04EC0-301F-11D3-BF4B-00C04F79EFBC}") = "PsdPlugin", "PsdPlugin.csproj", "{87B75718-CA8D-F3BF-12B4-C87C80B10061}"
EndProject
Project("{FAE04EC0-301F-11D3-BF4B-00C04F79EFBC}") = "Unity.2D.Path.Editor", "Unity.2D.Path.Editor.csproj", "{0F1B4ECE-DE63-5DA8-7EF0-4087139E8034}"
EndProject
Project("{FAE04EC0-301F-11D3-BF4B-00C04F79EFBC}") = "Unity.Rider.Editor", "Unity.Rider.Editor.csproj", "{E1256C81-EECF-7DE4-AEBA-116CCE6FCBFF}"
EndProject
Project("{FAE04EC0-301F-11D3-BF4B-00C04F79EFBC}") = "Unity.2D.IK.Editor", "Unity.2D.IK.Editor.csproj", "{FDA3D0FA-06FF-1CD6-D890-521319C11687}"
EndProject
Project("{FAE04EC0-301F-11D3-BF4B-00C04F79EFBC}") = "Unity.2D.Sprite.Editor", "Unity.2D.Sprite.Editor.csproj", "{058647F0-D1AD-00F8-F8DC-8F4B65A51DDC}"
EndProject
Project("{FAE04EC0-301F-11D3-BF4B-00C04F79EFBC}") = "Unity.2D.Tilemap.Editor", "Unity.2D.Tilemap.Editor.csproj", "{D7E1D928-8F99-9DD7-320E-3AE1FA179C30}"
EndProject
Project("{FAE04EC0-301F-11D3-BF4B-00C04F79EFBC}") = "Unity.2D.Tilemap.Extras.Editor", "Unity.2D.Tilemap.Extras.Editor.csproj", "{E8494CF5-0D4D-C76A-83AB-17FA1B1E8085}"
EndProject
Project("{FAE04EC0-301F-11D3-BF4B-00C04F79EFBC}") = "Unity.2D.PixelPerfect.Editor", "Unity.2D.PixelPerfect.Editor.csproj", "{B3EF161F-E562-11EE-2FA1-F8BD3842F478}"
EndProject
Project("{FAE04EC0-301F-11D3-BF4B-00C04F79EFBC}") = "Unity.VSCode.Editor", "Unity.VSCode.Editor.csproj", "{C80ACFE3-97FB-89FD-04E9-07CAF2A78EF0}"
EndProject
Project("{FAE04EC0-301F-11D3-BF4B-00C04F79EFBC}") = "Unity.2D.Common.Editor", "Unity.2D.Common.Editor.csproj", "{BCFF1383-BA1B-3A3F-D5E0-425D8A45FC71}"
EndProject
Project("{FAE04EC0-301F-11D3-BF4B-00C04F79EFBC}") = "Unity.Mathematics.Editor", "Unity.Mathematics.Editor.csproj", "{D91DE8AA-463A-E4C4-7439-DBC4A2DA10FD}"
EndProject
Project("{FAE04EC0-301F-11D3-BF4B-00C04F79EFBC}") = "Unity.InternalAPIEditorBridge.001", "Unity.InternalAPIEditorBridge.001.csproj", "{ADE3F785-ED89-D777-451A-96F76680ABE6}"
EndProject
Project("{FAE04EC0-301F-11D3-BF4B-00C04F79EFBC}") = "UnityEngine.TestRunner", "UnityEngine.TestRunner.Player.csproj", "{A1C71F9E-3E27-679B-4E28-F308F0E11575}"
EndProject
Project("{FAE04EC0-301F-11D3-BF4B-00C04F79EFBC}") = "Unity.Mathematics", "Unity.Mathematics.Player.csproj", "{15BB9DD2-F6A3-540D-C5C6-D38AC7DE1743}"
EndProject
Project("{FAE04EC0-301F-11D3-BF4B-00C04F79EFBC}") = "Unity.2D.Animation.Triangle.Runtime", "Unity.2D.Animation.Triangle.Runtime.Player.csproj", "{6BC4553F-B949-33AA-BB92-E64130CDA69C}"
EndProject
Project("{FAE04EC0-301F-11D3-BF4B-00C04F79EFBC}") = "Unity.Timeline", "Unity.Timeline.Player.csproj", "{CBCDDE54-D155-5266-0B92-0311C207A244}"
EndProject
Project("{FAE04EC0-301F-11D3-BF4B-00C04F79EFBC}") = "UnityEngine.UI", "UnityEngine.UI.Player.csproj", "{9298E854-A0A0-3485-FF18-BCA2E597F82E}"
EndProject
Project("{FAE04EC0-301F-11D3-BF4B-00C04F79EFBC}") = "Unity.TextMeshPro", "Unity.TextMeshPro.Player.csproj", "{9A95EBDD-3FD0-CAFB-31F7-32508FA01DA7}"
EndProject
Project("{FAE04EC0-301F-11D3-BF4B-00C04F79EFBC}") = "Unity.2D.Animation.Runtime", "Unity.2D.Animation.Runtime.Player.csproj", "{61B84BB3-C51B-BEAE-FA1B-247F6C258A40}"
EndProject
Project("{FAE04EC0-301F-11D3-BF4B-00C04F79EFBC}") = "Unity.2D.IK.Runtime", "Unity.2D.IK.Runtime.Player.csproj", "{B877C6A6-AB86-6C11-FC83-1AAC56F0607C}"
EndProject
Project("{FAE04EC0-301F-11D3-BF4B-00C04F79EFBC}") = "Unity.2D.Tilemap.Extras", "Unity.2D.Tilemap.Extras.Player.csproj", "{EAFDF381-56A3-26FD-C3C5-0859638A6F03}"
EndProject
Project("{FAE04EC0-301F-11D3-BF4B-00C04F79EFBC}") = "Assembly-CSharp", "Assembly-CSharp.Player.csproj", "{1446F5C1-1487-623E-4992-44A9A8B6537C}"
EndProject
Project("{FAE04EC0-301F-11D3-BF4B-00C04F79EFBC}") = "Unity.2D.SpriteShape.Runtime", "Unity.2D.SpriteShape.Runtime.Player.csproj", "{51D4C09B-9CE5-4584-3D92-E5E45D25054A}"
EndProject
Project("{FAE04EC0-301F-11D3-BF4B-00C04F79EFBC}") = "Unity.2D.PixelPerfect", "Unity.2D.PixelPerfect.Player.csproj", "{479AFCC3-52DD-79AF-7E7A-FA568CB99593}"
EndProject
Project("{FAE04EC0-301F-11D3-BF4B-00C04F79EFBC}") = "Unity.2D.Common.Runtime", "Unity.2D.Common.Runtime.Player.csproj", "{CB228F90-043D-AA4C-2E9D-FA0143B346BB}"
EndProject
Project("{FAE04EC0-301F-11D3-BF4B-00C04F79EFBC}") = "Unity.InternalAPIEngineBridge.001", "Unity.InternalAPIEngineBridge.001.Player.csproj", "{9FA426C9-BE39-32CE-436E-CCEC9A75C934}"
EndProject
Global
	GlobalSection(SolutionConfigurationPlatforms) = preSolution
		Debug|Any CPU = Debug|Any CPU
		Release|Any CPU = Release|Any CPU
	EndGlobalSection
	GlobalSection(ProjectConfigurationPlatforms) = postSolution
		{B0E59A41-F68A-C91F-3D80-2D7781FD297E}.Debug|Any CPU.ActiveCfg = Debug|Any CPU
		{B0E59A41-F68A-C91F-3D80-2D7781FD297E}.Debug|Any CPU.Build.0 = Debug|Any CPU
		{B0E59A41-F68A-C91F-3D80-2D7781FD297E}.Release|Any CPU.ActiveCfg = Release|Any CPU
		{B0E59A41-F68A-C91F-3D80-2D7781FD297E}.Release|Any CPU.Build.0 = Release|Any CPU
		{4390BB35-6CDD-625B-18F4-BE750A617940}.Debug|Any CPU.ActiveCfg = Debug|Any CPU
		{4390BB35-6CDD-625B-18F4-BE750A617940}.Debug|Any CPU.Build.0 = Debug|Any CPU
		{4390BB35-6CDD-625B-18F4-BE750A617940}.Release|Any CPU.ActiveCfg = Release|Any CPU
		{4390BB35-6CDD-625B-18F4-BE750A617940}.Release|Any CPU.Build.0 = Release|Any CPU
		{CEFB8512-A155-5E76-3CD6-742649183A61}.Debug|Any CPU.ActiveCfg = Debug|Any CPU
		{CEFB8512-A155-5E76-3CD6-742649183A61}.Debug|Any CPU.Build.0 = Debug|Any CPU
		{CEFB8512-A155-5E76-3CD6-742649183A61}.Release|Any CPU.ActiveCfg = Release|Any CPU
		{CEFB8512-A155-5E76-3CD6-742649183A61}.Release|Any CPU.Build.0 = Release|Any CPU
		{A63A2C56-47CD-1219-117A-6F4C9BF1BB24}.Debug|Any CPU.ActiveCfg = Debug|Any CPU
		{A63A2C56-47CD-1219-117A-6F4C9BF1BB24}.Debug|Any CPU.Build.0 = Debug|Any CPU
		{A63A2C56-47CD-1219-117A-6F4C9BF1BB24}.Release|Any CPU.ActiveCfg = Release|Any CPU
		{A63A2C56-47CD-1219-117A-6F4C9BF1BB24}.Release|Any CPU.Build.0 = Release|Any CPU
		{BDABF65E-1F34-2BCC-6F96-3B7D954EAA19}.Debug|Any CPU.ActiveCfg = Debug|Any CPU
		{BDABF65E-1F34-2BCC-6F96-3B7D954EAA19}.Debug|Any CPU.Build.0 = Debug|Any CPU
		{BDABF65E-1F34-2BCC-6F96-3B7D954EAA19}.Release|Any CPU.ActiveCfg = Release|Any CPU
		{BDABF65E-1F34-2BCC-6F96-3B7D954EAA19}.Release|Any CPU.Build.0 = Release|Any CPU
		{43617179-83F2-A941-C813-70DFF654B4FF}.Debug|Any CPU.ActiveCfg = Debug|Any CPU
		{43617179-83F2-A941-C813-70DFF654B4FF}.Debug|Any CPU.Build.0 = Debug|Any CPU
		{43617179-83F2-A941-C813-70DFF654B4FF}.Release|Any CPU.ActiveCfg = Release|Any CPU
		{43617179-83F2-A941-C813-70DFF654B4FF}.Release|Any CPU.Build.0 = Release|Any CPU
		{BE5243CD-0735-8D68-7FBE-1611F865CD76}.Debug|Any CPU.ActiveCfg = Debug|Any CPU
		{BE5243CD-0735-8D68-7FBE-1611F865CD76}.Debug|Any CPU.Build.0 = Debug|Any CPU
		{BE5243CD-0735-8D68-7FBE-1611F865CD76}.Release|Any CPU.ActiveCfg = Release|Any CPU
		{BE5243CD-0735-8D68-7FBE-1611F865CD76}.Release|Any CPU.Build.0 = Release|Any CPU
		{653F4599-FFB7-0A6B-A7A8-173C01200B78}.Debug|Any CPU.ActiveCfg = Debug|Any CPU
		{653F4599-FFB7-0A6B-A7A8-173C01200B78}.Debug|Any CPU.Build.0 = Debug|Any CPU
		{653F4599-FFB7-0A6B-A7A8-173C01200B78}.Release|Any CPU.ActiveCfg = Release|Any CPU
		{653F4599-FFB7-0A6B-A7A8-173C01200B78}.Release|Any CPU.Build.0 = Release|Any CPU
		{3A35FBBB-D408-51C5-95D3-D00D83155BA9}.Debug|Any CPU.ActiveCfg = Debug|Any CPU
		{3A35FBBB-D408-51C5-95D3-D00D83155BA9}.Debug|Any CPU.Build.0 = Debug|Any CPU
		{3A35FBBB-D408-51C5-95D3-D00D83155BA9}.Release|Any CPU.ActiveCfg = Release|Any CPU
		{3A35FBBB-D408-51C5-95D3-D00D83155BA9}.Release|Any CPU.Build.0 = Release|Any CPU
		{6AED0CA7-A231-2E4F-BBB4-9DF9B14E5600}.Debug|Any CPU.ActiveCfg = Debug|Any CPU
		{6AED0CA7-A231-2E4F-BBB4-9DF9B14E5600}.Debug|Any CPU.Build.0 = Debug|Any CPU
		{6AED0CA7-A231-2E4F-BBB4-9DF9B14E5600}.Release|Any CPU.ActiveCfg = Release|Any CPU
		{6AED0CA7-A231-2E4F-BBB4-9DF9B14E5600}.Release|Any CPU.Build.0 = Release|Any CPU
		{24F553E3-4F8C-D515-696D-0426A725FAB9}.Debug|Any CPU.ActiveCfg = Debug|Any CPU
		{24F553E3-4F8C-D515-696D-0426A725FAB9}.Debug|Any CPU.Build.0 = Debug|Any CPU
		{24F553E3-4F8C-D515-696D-0426A725FAB9}.Release|Any CPU.ActiveCfg = Release|Any CPU
		{24F553E3-4F8C-D515-696D-0426A725FAB9}.Release|Any CPU.Build.0 = Release|Any CPU
		{1A8721D1-9F52-CAD1-1FB1-FC406DF5A354}.Debug|Any CPU.ActiveCfg = Debug|Any CPU
		{1A8721D1-9F52-CAD1-1FB1-FC406DF5A354}.Debug|Any CPU.Build.0 = Debug|Any CPU
		{1A8721D1-9F52-CAD1-1FB1-FC406DF5A354}.Release|Any CPU.ActiveCfg = Release|Any CPU
		{1A8721D1-9F52-CAD1-1FB1-FC406DF5A354}.Release|Any CPU.Build.0 = Release|Any CPU
		{85A6C934-9152-2E0F-533E-E51B74DC15CF}.Debug|Any CPU.ActiveCfg = Debug|Any CPU
		{85A6C934-9152-2E0F-533E-E51B74DC15CF}.Debug|Any CPU.Build.0 = Debug|Any CPU
		{85A6C934-9152-2E0F-533E-E51B74DC15CF}.Release|Any CPU.ActiveCfg = Release|Any CPU
		{85A6C934-9152-2E0F-533E-E51B74DC15CF}.Release|Any CPU.Build.0 = Release|Any CPU
		{DC496CE1-CA20-12B9-0E0F-B6603FFB51AD}.Debug|Any CPU.ActiveCfg = Debug|Any CPU
		{DC496CE1-CA20-12B9-0E0F-B6603FFB51AD}.Debug|Any CPU.Build.0 = Debug|Any CPU
		{DC496CE1-CA20-12B9-0E0F-B6603FFB51AD}.Release|Any CPU.ActiveCfg = Release|Any CPU
		{DC496CE1-CA20-12B9-0E0F-B6603FFB51AD}.Release|Any CPU.Build.0 = Release|Any CPU
		{CDEC74FB-C5C3-BEDB-3DBF-FE12852BBE83}.Debug|Any CPU.ActiveCfg = Debug|Any CPU
		{CDEC74FB-C5C3-BEDB-3DBF-FE12852BBE83}.Debug|Any CPU.Build.0 = Debug|Any CPU
		{CDEC74FB-C5C3-BEDB-3DBF-FE12852BBE83}.Release|Any CPU.ActiveCfg = Release|Any CPU
		{CDEC74FB-C5C3-BEDB-3DBF-FE12852BBE83}.Release|Any CPU.Build.0 = Release|Any CPU
		{C795FC9C-B7C0-AC9C-ADC5-06261A8B7AA2}.Debug|Any CPU.ActiveCfg = Debug|Any CPU
		{C795FC9C-B7C0-AC9C-ADC5-06261A8B7AA2}.Debug|Any CPU.Build.0 = Debug|Any CPU
		{C795FC9C-B7C0-AC9C-ADC5-06261A8B7AA2}.Release|Any CPU.ActiveCfg = Release|Any CPU
		{C795FC9C-B7C0-AC9C-ADC5-06261A8B7AA2}.Release|Any CPU.Build.0 = Release|Any CPU
		{B0C84AA1-A1AB-C4AB-10B2-BC121B5C99EA}.Debug|Any CPU.ActiveCfg = Debug|Any CPU
		{B0C84AA1-A1AB-C4AB-10B2-BC121B5C99EA}.Debug|Any CPU.Build.0 = Debug|Any CPU
		{B0C84AA1-A1AB-C4AB-10B2-BC121B5C99EA}.Release|Any CPU.ActiveCfg = Release|Any CPU
		{B0C84AA1-A1AB-C4AB-10B2-BC121B5C99EA}.Release|Any CPU.Build.0 = Release|Any CPU
		{E8A65A9F-4B28-68B7-B144-AD77509A4DB1}.Debug|Any CPU.ActiveCfg = Debug|Any CPU
		{E8A65A9F-4B28-68B7-B144-AD77509A4DB1}.Debug|Any CPU.Build.0 = Debug|Any CPU
		{E8A65A9F-4B28-68B7-B144-AD77509A4DB1}.Release|Any CPU.ActiveCfg = Release|Any CPU
		{E8A65A9F-4B28-68B7-B144-AD77509A4DB1}.Release|Any CPU.Build.0 = Release|Any CPU
		{97395916-BA68-93CD-3AA8-F1B625170367}.Debug|Any CPU.ActiveCfg = Debug|Any CPU
		{97395916-BA68-93CD-3AA8-F1B625170367}.Debug|Any CPU.Build.0 = Debug|Any CPU
		{97395916-BA68-93CD-3AA8-F1B625170367}.Release|Any CPU.ActiveCfg = Release|Any CPU
		{97395916-BA68-93CD-3AA8-F1B625170367}.Release|Any CPU.Build.0 = Release|Any CPU
		{F8C261D5-E100-E361-144E-97CB36DDFC40}.Debug|Any CPU.ActiveCfg = Debug|Any CPU
		{F8C261D5-E100-E361-144E-97CB36DDFC40}.Debug|Any CPU.Build.0 = Debug|Any CPU
		{F8C261D5-E100-E361-144E-97CB36DDFC40}.Release|Any CPU.ActiveCfg = Release|Any CPU
		{F8C261D5-E100-E361-144E-97CB36DDFC40}.Release|Any CPU.Build.0 = Release|Any CPU
		{7D225989-6B32-6310-17F2-D8F56922D102}.Debug|Any CPU.ActiveCfg = Debug|Any CPU
		{7D225989-6B32-6310-17F2-D8F56922D102}.Debug|Any CPU.Build.0 = Debug|Any CPU
		{7D225989-6B32-6310-17F2-D8F56922D102}.Release|Any CPU.ActiveCfg = Release|Any CPU
		{7D225989-6B32-6310-17F2-D8F56922D102}.Release|Any CPU.Build.0 = Release|Any CPU
		{FE168372-CEC7-C59F-6E9E-C06B41D86AFB}.Debug|Any CPU.ActiveCfg = Debug|Any CPU
		{FE168372-CEC7-C59F-6E9E-C06B41D86AFB}.Debug|Any CPU.Build.0 = Debug|Any CPU
		{FE168372-CEC7-C59F-6E9E-C06B41D86AFB}.Release|Any CPU.ActiveCfg = Release|Any CPU
		{FE168372-CEC7-C59F-6E9E-C06B41D86AFB}.Release|Any CPU.Build.0 = Release|Any CPU
		{C580B4A3-59E8-5108-9917-9FECA5711858}.Debug|Any CPU.ActiveCfg = Debug|Any CPU
		{C580B4A3-59E8-5108-9917-9FECA5711858}.Debug|Any CPU.Build.0 = Debug|Any CPU
		{C580B4A3-59E8-5108-9917-9FECA5711858}.Release|Any CPU.ActiveCfg = Release|Any CPU
		{C580B4A3-59E8-5108-9917-9FECA5711858}.Release|Any CPU.Build.0 = Release|Any CPU
		{AB1364D3-3BEE-69CC-F93E-905FCA95A237}.Debug|Any CPU.ActiveCfg = Debug|Any CPU
		{AB1364D3-3BEE-69CC-F93E-905FCA95A237}.Debug|Any CPU.Build.0 = Debug|Any CPU
		{AB1364D3-3BEE-69CC-F93E-905FCA95A237}.Release|Any CPU.ActiveCfg = Release|Any CPU
		{AB1364D3-3BEE-69CC-F93E-905FCA95A237}.Release|Any CPU.Build.0 = Release|Any CPU
		{87B75718-CA8D-F3BF-12B4-C87C80B10061}.Debug|Any CPU.ActiveCfg = Debug|Any CPU
		{87B75718-CA8D-F3BF-12B4-C87C80B10061}.Debug|Any CPU.Build.0 = Debug|Any CPU
		{87B75718-CA8D-F3BF-12B4-C87C80B10061}.Release|Any CPU.ActiveCfg = Release|Any CPU
		{87B75718-CA8D-F3BF-12B4-C87C80B10061}.Release|Any CPU.Build.0 = Release|Any CPU
		{0F1B4ECE-DE63-5DA8-7EF0-4087139E8034}.Debug|Any CPU.ActiveCfg = Debug|Any CPU
		{0F1B4ECE-DE63-5DA8-7EF0-4087139E8034}.Debug|Any CPU.Build.0 = Debug|Any CPU
		{0F1B4ECE-DE63-5DA8-7EF0-4087139E8034}.Release|Any CPU.ActiveCfg = Release|Any CPU
		{0F1B4ECE-DE63-5DA8-7EF0-4087139E8034}.Release|Any CPU.Build.0 = Release|Any CPU
		{E1256C81-EECF-7DE4-AEBA-116CCE6FCBFF}.Debug|Any CPU.ActiveCfg = Debug|Any CPU
		{E1256C81-EECF-7DE4-AEBA-116CCE6FCBFF}.Debug|Any CPU.Build.0 = Debug|Any CPU
		{E1256C81-EECF-7DE4-AEBA-116CCE6FCBFF}.Release|Any CPU.ActiveCfg = Release|Any CPU
		{E1256C81-EECF-7DE4-AEBA-116CCE6FCBFF}.Release|Any CPU.Build.0 = Release|Any CPU
		{FDA3D0FA-06FF-1CD6-D890-521319C11687}.Debug|Any CPU.ActiveCfg = Debug|Any CPU
		{FDA3D0FA-06FF-1CD6-D890-521319C11687}.Debug|Any CPU.Build.0 = Debug|Any CPU
		{FDA3D0FA-06FF-1CD6-D890-521319C11687}.Release|Any CPU.ActiveCfg = Release|Any CPU
		{FDA3D0FA-06FF-1CD6-D890-521319C11687}.Release|Any CPU.Build.0 = Release|Any CPU
		{058647F0-D1AD-00F8-F8DC-8F4B65A51DDC}.Debug|Any CPU.ActiveCfg = Debug|Any CPU
		{058647F0-D1AD-00F8-F8DC-8F4B65A51DDC}.Debug|Any CPU.Build.0 = Debug|Any CPU
		{058647F0-D1AD-00F8-F8DC-8F4B65A51DDC}.Release|Any CPU.ActiveCfg = Release|Any CPU
		{058647F0-D1AD-00F8-F8DC-8F4B65A51DDC}.Release|Any CPU.Build.0 = Release|Any CPU
		{D7E1D928-8F99-9DD7-320E-3AE1FA179C30}.Debug|Any CPU.ActiveCfg = Debug|Any CPU
		{D7E1D928-8F99-9DD7-320E-3AE1FA179C30}.Debug|Any CPU.Build.0 = Debug|Any CPU
		{D7E1D928-8F99-9DD7-320E-3AE1FA179C30}.Release|Any CPU.ActiveCfg = Release|Any CPU
		{D7E1D928-8F99-9DD7-320E-3AE1FA179C30}.Release|Any CPU.Build.0 = Release|Any CPU
		{E8494CF5-0D4D-C76A-83AB-17FA1B1E8085}.Debug|Any CPU.ActiveCfg = Debug|Any CPU
		{E8494CF5-0D4D-C76A-83AB-17FA1B1E8085}.Debug|Any CPU.Build.0 = Debug|Any CPU
		{E8494CF5-0D4D-C76A-83AB-17FA1B1E8085}.Release|Any CPU.ActiveCfg = Release|Any CPU
		{E8494CF5-0D4D-C76A-83AB-17FA1B1E8085}.Release|Any CPU.Build.0 = Release|Any CPU
		{B3EF161F-E562-11EE-2FA1-F8BD3842F478}.Debug|Any CPU.ActiveCfg = Debug|Any CPU
		{B3EF161F-E562-11EE-2FA1-F8BD3842F478}.Debug|Any CPU.Build.0 = Debug|Any CPU
		{B3EF161F-E562-11EE-2FA1-F8BD3842F478}.Release|Any CPU.ActiveCfg = Release|Any CPU
		{B3EF161F-E562-11EE-2FA1-F8BD3842F478}.Release|Any CPU.Build.0 = Release|Any CPU
		{C80ACFE3-97FB-89FD-04E9-07CAF2A78EF0}.Debug|Any CPU.ActiveCfg = Debug|Any CPU
		{C80ACFE3-97FB-89FD-04E9-07CAF2A78EF0}.Debug|Any CPU.Build.0 = Debug|Any CPU
		{C80ACFE3-97FB-89FD-04E9-07CAF2A78EF0}.Release|Any CPU.ActiveCfg = Release|Any CPU
		{C80ACFE3-97FB-89FD-04E9-07CAF2A78EF0}.Release|Any CPU.Build.0 = Release|Any CPU
		{BCFF1383-BA1B-3A3F-D5E0-425D8A45FC71}.Debug|Any CPU.ActiveCfg = Debug|Any CPU
		{BCFF1383-BA1B-3A3F-D5E0-425D8A45FC71}.Debug|Any CPU.Build.0 = Debug|Any CPU
		{BCFF1383-BA1B-3A3F-D5E0-425D8A45FC71}.Release|Any CPU.ActiveCfg = Release|Any CPU
		{BCFF1383-BA1B-3A3F-D5E0-425D8A45FC71}.Release|Any CPU.Build.0 = Release|Any CPU
		{D91DE8AA-463A-E4C4-7439-DBC4A2DA10FD}.Debug|Any CPU.ActiveCfg = Debug|Any CPU
		{D91DE8AA-463A-E4C4-7439-DBC4A2DA10FD}.Debug|Any CPU.Build.0 = Debug|Any CPU
		{D91DE8AA-463A-E4C4-7439-DBC4A2DA10FD}.Release|Any CPU.ActiveCfg = Release|Any CPU
		{D91DE8AA-463A-E4C4-7439-DBC4A2DA10FD}.Release|Any CPU.Build.0 = Release|Any CPU
		{ADE3F785-ED89-D777-451A-96F76680ABE6}.Debug|Any CPU.ActiveCfg = Debug|Any CPU
		{ADE3F785-ED89-D777-451A-96F76680ABE6}.Debug|Any CPU.Build.0 = Debug|Any CPU
		{ADE3F785-ED89-D777-451A-96F76680ABE6}.Release|Any CPU.ActiveCfg = Release|Any CPU
		{ADE3F785-ED89-D777-451A-96F76680ABE6}.Release|Any CPU.Build.0 = Release|Any CPU
		{A1C71F9E-3E27-679B-4E28-F308F0E11575}.Debug|Any CPU.ActiveCfg = Debug|Any CPU
		{A1C71F9E-3E27-679B-4E28-F308F0E11575}.Debug|Any CPU.Build.0 = Debug|Any CPU
		{A1C71F9E-3E27-679B-4E28-F308F0E11575}.Release|Any CPU.ActiveCfg = Release|Any CPU
		{A1C71F9E-3E27-679B-4E28-F308F0E11575}.Release|Any CPU.Build.0 = Release|Any CPU
		{15BB9DD2-F6A3-540D-C5C6-D38AC7DE1743}.Debug|Any CPU.ActiveCfg = Debug|Any CPU
		{15BB9DD2-F6A3-540D-C5C6-D38AC7DE1743}.Debug|Any CPU.Build.0 = Debug|Any CPU
		{15BB9DD2-F6A3-540D-C5C6-D38AC7DE1743}.Release|Any CPU.ActiveCfg = Release|Any CPU
		{15BB9DD2-F6A3-540D-C5C6-D38AC7DE1743}.Release|Any CPU.Build.0 = Release|Any CPU
		{6BC4553F-B949-33AA-BB92-E64130CDA69C}.Debug|Any CPU.ActiveCfg = Debug|Any CPU
		{6BC4553F-B949-33AA-BB92-E64130CDA69C}.Debug|Any CPU.Build.0 = Debug|Any CPU
		{6BC4553F-B949-33AA-BB92-E64130CDA69C}.Release|Any CPU.ActiveCfg = Release|Any CPU
		{6BC4553F-B949-33AA-BB92-E64130CDA69C}.Release|Any CPU.Build.0 = Release|Any CPU
		{CBCDDE54-D155-5266-0B92-0311C207A244}.Debug|Any CPU.ActiveCfg = Debug|Any CPU
		{CBCDDE54-D155-5266-0B92-0311C207A244}.Debug|Any CPU.Build.0 = Debug|Any CPU
		{CBCDDE54-D155-5266-0B92-0311C207A244}.Release|Any CPU.ActiveCfg = Release|Any CPU
		{CBCDDE54-D155-5266-0B92-0311C207A244}.Release|Any CPU.Build.0 = Release|Any CPU
		{9298E854-A0A0-3485-FF18-BCA2E597F82E}.Debug|Any CPU.ActiveCfg = Debug|Any CPU
		{9298E854-A0A0-3485-FF18-BCA2E597F82E}.Debug|Any CPU.Build.0 = Debug|Any CPU
		{9298E854-A0A0-3485-FF18-BCA2E597F82E}.Release|Any CPU.ActiveCfg = Release|Any CPU
		{9298E854-A0A0-3485-FF18-BCA2E597F82E}.Release|Any CPU.Build.0 = Release|Any CPU
		{9A95EBDD-3FD0-CAFB-31F7-32508FA01DA7}.Debug|Any CPU.ActiveCfg = Debug|Any CPU
		{9A95EBDD-3FD0-CAFB-31F7-32508FA01DA7}.Debug|Any CPU.Build.0 = Debug|Any CPU
		{9A95EBDD-3FD0-CAFB-31F7-32508FA01DA7}.Release|Any CPU.ActiveCfg = Release|Any CPU
		{9A95EBDD-3FD0-CAFB-31F7-32508FA01DA7}.Release|Any CPU.Build.0 = Release|Any CPU
		{61B84BB3-C51B-BEAE-FA1B-247F6C258A40}.Debug|Any CPU.ActiveCfg = Debug|Any CPU
		{61B84BB3-C51B-BEAE-FA1B-247F6C258A40}.Debug|Any CPU.Build.0 = Debug|Any CPU
		{61B84BB3-C51B-BEAE-FA1B-247F6C258A40}.Release|Any CPU.ActiveCfg = Release|Any CPU
		{61B84BB3-C51B-BEAE-FA1B-247F6C258A40}.Release|Any CPU.Build.0 = Release|Any CPU
		{B877C6A6-AB86-6C11-FC83-1AAC56F0607C}.Debug|Any CPU.ActiveCfg = Debug|Any CPU
		{B877C6A6-AB86-6C11-FC83-1AAC56F0607C}.Debug|Any CPU.Build.0 = Debug|Any CPU
		{B877C6A6-AB86-6C11-FC83-1AAC56F0607C}.Release|Any CPU.ActiveCfg = Release|Any CPU
		{B877C6A6-AB86-6C11-FC83-1AAC56F0607C}.Release|Any CPU.Build.0 = Release|Any CPU
		{EAFDF381-56A3-26FD-C3C5-0859638A6F03}.Debug|Any CPU.ActiveCfg = Debug|Any CPU
		{EAFDF381-56A3-26FD-C3C5-0859638A6F03}.Debug|Any CPU.Build.0 = Debug|Any CPU
		{EAFDF381-56A3-26FD-C3C5-0859638A6F03}.Release|Any CPU.ActiveCfg = Release|Any CPU
		{EAFDF381-56A3-26FD-C3C5-0859638A6F03}.Release|Any CPU.Build.0 = Release|Any CPU
		{1446F5C1-1487-623E-4992-44A9A8B6537C}.Debug|Any CPU.ActiveCfg = Debug|Any CPU
		{1446F5C1-1487-623E-4992-44A9A8B6537C}.Debug|Any CPU.Build.0 = Debug|Any CPU
		{1446F5C1-1487-623E-4992-44A9A8B6537C}.Release|Any CPU.ActiveCfg = Release|Any CPU
		{1446F5C1-1487-623E-4992-44A9A8B6537C}.Release|Any CPU.Build.0 = Release|Any CPU
		{51D4C09B-9CE5-4584-3D92-E5E45D25054A}.Debug|Any CPU.ActiveCfg = Debug|Any CPU
		{51D4C09B-9CE5-4584-3D92-E5E45D25054A}.Debug|Any CPU.Build.0 = Debug|Any CPU
		{51D4C09B-9CE5-4584-3D92-E5E45D25054A}.Release|Any CPU.ActiveCfg = Release|Any CPU
		{51D4C09B-9CE5-4584-3D92-E5E45D25054A}.Release|Any CPU.Build.0 = Release|Any CPU
		{479AFCC3-52DD-79AF-7E7A-FA568CB99593}.Debug|Any CPU.ActiveCfg = Debug|Any CPU
		{479AFCC3-52DD-79AF-7E7A-FA568CB99593}.Debug|Any CPU.Build.0 = Debug|Any CPU
		{479AFCC3-52DD-79AF-7E7A-FA568CB99593}.Release|Any CPU.ActiveCfg = Release|Any CPU
		{479AFCC3-52DD-79AF-7E7A-FA568CB99593}.Release|Any CPU.Build.0 = Release|Any CPU
		{CB228F90-043D-AA4C-2E9D-FA0143B346BB}.Debug|Any CPU.ActiveCfg = Debug|Any CPU
		{CB228F90-043D-AA4C-2E9D-FA0143B346BB}.Debug|Any CPU.Build.0 = Debug|Any CPU
		{CB228F90-043D-AA4C-2E9D-FA0143B346BB}.Release|Any CPU.ActiveCfg = Release|Any CPU
		{CB228F90-043D-AA4C-2E9D-FA0143B346BB}.Release|Any CPU.Build.0 = Release|Any CPU
		{9FA426C9-BE39-32CE-436E-CCEC9A75C934}.Debug|Any CPU.ActiveCfg = Debug|Any CPU
		{9FA426C9-BE39-32CE-436E-CCEC9A75C934}.Debug|Any CPU.Build.0 = Debug|Any CPU
		{9FA426C9-BE39-32CE-436E-CCEC9A75C934}.Release|Any CPU.ActiveCfg = Release|Any CPU
		{9FA426C9-BE39-32CE-436E-CCEC9A75C934}.Release|Any CPU.Build.0 = Release|Any CPU
	EndGlobalSection
	GlobalSection(SolutionProperties) = preSolution
		HideSolutionNode = FALSE
	EndGlobalSection
EndGlobal
